
Microsoft Visual Studio Solution File, Format Version 12.00
# Visual Studio Version 17
VisualStudioVersion = 17.0.31903.59
MinimumVisualStudioVersion = 10.0.40219.1
Project("{2150E333-8FDC-42A3-9474-1A3956D46DE8}") = "src", "src", "{827E0CD3-B72D-47B6-A68D-7590B98EB39B}"
EndProject
Project("{2150E333-8FDC-42A3-9474-1A3956D46DE8}") = "Contracts", "Contracts", "{FFBE31B8-50B9-B415-22BC-2F92C97CADA3}"
EndProject
Project("{FAE04EC0-301F-11D3-BF4B-00C04F79EFBC}") = "BIMCapabilities.Contracts", "src\Contracts\BIMCapabilities.Contracts.csproj", "{5BEDD5ED-C5D6-4202-BF3F-825149C32797}"
EndProject
Project("{2150E333-8FDC-42A3-9474-1A3956D46DE8}") = "tests", "tests", "{0AB3BF05-4346-4AA6-1389-037BE0695223}"
EndProject
Project("{2150E333-8FDC-42A3-9474-1A3956D46DE8}") = "Contracts.Tests", "Contracts.Tests", "{2474D5BD-06DB-9719-06A3-C25496F18574}"
EndProject
Project("{FAE04EC0-301F-11D3-BF4B-00C04F79EFBC}") = "BIMCapabilities.Contracts.Tests", "tests\Contracts.Tests\BIMCapabilities.Contracts.Tests.csproj", "{5848F54E-10B7-4C27-9545-68EAD54D7BAE}"
EndProject
Project("{2150E333-8FDC-42A3-9474-1A3956D46DE8}") = "Runtime", "Runtime", "{09108480-725A-3CF3-E626-E2F33F0A58E4}"
EndProject
Project("{FAE04EC0-301F-11D3-BF4B-00C04F79EFBC}") = "BIMCapabilities.Runtime", "src\Runtime\BIMCapabilities.Runtime.csproj", "{25AF198C-5B47-40F7-9D8E-4246E408EE55}"
EndProject
Project("{2150E333-8FDC-42A3-9474-1A3956D46DE8}") = "Runtime.Tests", "Runtime.Tests", "{FCEDAB3F-DDC9-1A48-6374-558DB6F0BE63}"
EndProject
Project("{FAE04EC0-301F-11D3-BF4B-00C04F79EFBC}") = "BIMCapabilities.Runtime.Tests", "tests\Runtime.Tests\BIMCapabilities.Runtime.Tests.csproj", "{232F324F-F1B9-45AD-BE07-F755902D5DFA}"
EndProject
Project("{2150E333-8FDC-42A3-9474-1A3956D46DE8}") = "Engines", "Engines", "{FAA8119B-AA7A-1BC1-126F-7760766D0C16}"
EndProject
Project("{2150E333-8FDC-42A3-9474-1A3956D46DE8}") = "FamilyEngine", "FamilyEngine", "{4A783467-5FAF-DD29-6F2D-03AA0F138F88}"
EndProject
Project("{FAE04EC0-301F-11D3-BF4B-00C04F79EFBC}") = "BIMCapabilities.Engines.Family", "src\Engines\FamilyEngine\BIMCapabilities.Engines.Family.csproj", "{6B843CB5-F9A0-49EB-9FD4-6918EF28FB02}"
EndProject
Project("{2150E333-8FDC-42A3-9474-1A3956D46DE8}") = "ParameterEngine", "ParameterEngine", "{D3E08AA8-83AB-5C00-237A-9190D797DF4F}"
EndProject
Project("{FAE04EC0-301F-11D3-BF4B-00C04F79EFBC}") = "BIMCapabilities.Engines.Parameter", "src\Engines\ParameterEngine\BIMCapabilities.Engines.Parameter.csproj", "{2415AD35-A831-4ED9-8C05-6D476CB5B71E}"
EndProject
Project("{2150E333-8FDC-42A3-9474-1A3956D46DE8}") = "NamingEngine", "NamingEngine", "{65154185-F376-6713-81E2-682945FF803C}"
EndProject
Project("{FAE04EC0-301F-11D3-BF4B-00C04F79EFBC}") = "BIMCapabilities.Engines.Naming", "src\Engines\NamingEngine\BIMCapabilities.Engines.Naming.csproj", "{087A0096-A57A-4D7B-83A6-F92ACD0C3242}"
EndProject
Project("{2150E333-8FDC-42A3-9474-1A3956D46DE8}") = "ReportEngine", "ReportEngine", "{DD22D838-17E5-B3E3-F071-C1F9BC491FB0}"
EndProject
Project("{FAE04EC0-301F-11D3-BF4B-00C04F79EFBC}") = "BIMCapabilities.Engines.Report", "src\Engines\ReportEngine\BIMCapabilities.Engines.Report.csproj", "{0E12442A-AC57-4277-BB96-D1EBC045FCA0}"
EndProject
Project("{2150E333-8FDC-42A3-9474-1A3956D46DE8}") = "FamilyEngine.Tests", "FamilyEngine.Tests", "{B64EC23B-C0A7-A67B-B088-334C283B3C16}"
EndProject
Project("{FAE04EC0-301F-11D3-BF4B-00C04F79EFBC}") = "BIMCapabilities.Engines.Family.Tests", "tests\FamilyEngine.Tests\BIMCapabilities.Engines.Family.Tests.csproj", "{38445A6A-F254-43C2-80B2-D4226378D174}"
EndProject
Project("{2150E333-8FDC-42A3-9474-1A3956D46DE8}") = "ParameterEngine.Tests", "ParameterEngine.Tests", "{C645EB9F-1E05-1393-1733-CD892A37784D}"
EndProject
Project("{FAE04EC0-301F-11D3-BF4B-00C04F79EFBC}") = "BIMCapabilities.Engines.Parameter.Tests", "tests\ParameterEngine.Tests\BIMCapabilities.Engines.Parameter.Tests.csproj", "{A03E1ED3-035A-44B4-9942-8A829BC9F51E}"
EndProject
Project("{2150E333-8FDC-42A3-9474-1A3956D46DE8}") = "NamingEngine.Tests", "NamingEngine.Tests", "{7A8EDE5E-150A-B561-7450-4CF675147C82}"
EndProject
Project("{FAE04EC0-301F-11D3-BF4B-00C04F79EFBC}") = "BIMCapabilities.Engines.Naming.Tests", "tests\NamingEngine.Tests\BIMCapabilities.Engines.Naming.Tests.csproj", "{800CBEEB-3160-4B83-84D6-FCD1448A4496}"
EndProject
Project("{2150E333-8FDC-42A3-9474-1A3956D46DE8}") = "ReportEngine.Tests", "ReportEngine.Tests", "{D17E4A10-76D0-F154-6D29-32061A0327CA}"
EndProject
Project("{FAE04EC0-301F-11D3-BF4B-00C04F79EFBC}") = "BIMCapabilities.Engines.Report.Tests", "tests\ReportEngine.Tests\BIMCapabilities.Engines.Report.Tests.csproj", "{B2073F53-A2B6-40B4-B7A9-F7F69134C1DB}"
EndProject
Project("{2150E333-8FDC-42A3-9474-1A3956D46DE8}") = "Adapters", "Adapters", "{3E9C3776-17C9-28DE-3735-A8B9F121C183}"
EndProject
Project("{2150E333-8FDC-42A3-9474-1A3956D46DE8}") = "RevitAdapter", "RevitAdapter", "{10EA67E9-F538-8516-2EB4-74585D630E10}"
EndProject
Project("{FAE04EC0-301F-11D3-BF4B-00C04F79EFBC}") = "BIMCapabilities.Adapters.Revit", "src\Adapters\RevitAdapter\BIMCapabilities.Adapters.Revit.csproj", "{35FA9270-B116-4811-BDB2-F33928A4D6B2}"
EndProject
Project("{2150E333-8FDC-42A3-9474-1A3956D46DE8}") = "RevitAdapter.Tests", "RevitAdapter.Tests", "{A594B094-8FE1-976B-77E0-7CEA57BD47FE}"
EndProject
Project("{FAE04EC0-301F-11D3-BF4B-00C04F79EFBC}") = "BIMCapabilities.Adapters.Revit.Tests", "tests\RevitAdapter.Tests\BIMCapabilities.Adapters.Revit.Tests.csproj", "{744CBB58-086B-47EA-9270-61947CF64E09}"
EndProject
Project("{2150E333-8FDC-42A3-9474-1A3956D46DE8}") = "Launchers", "Launchers", "{9B9B23BA-E7B0-6B9D-5A25-24A88568ACD5}"
EndProject
Project("{2150E333-8FDC-42A3-9474-1A3956D46DE8}") = "RevitLauncher", "RevitLauncher", "{B51D351A-6EB1-5559-79D8-986C2A2C697D}"
EndProject
Project("{FAE04EC0-301F-11D3-BF4B-00C04F79EFBC}") = "BIMCapabilities.Launchers.Revit", "src\Launchers\RevitLauncher\BIMCapabilities.Launchers.Revit.csproj", "{9EE9817A-C365-45B7-BBA6-9ACB1329E575}"
EndProject
Project("{2150E333-8FDC-42A3-9474-1A3956D46DE8}") = "RevitLauncher.Tests", "RevitLauncher.Tests", "{57E80F88-90CD-D2A7-E485-89A9E628E0C7}"
EndProject
Project("{FAE04EC0-301F-11D3-BF4B-00C04F79EFBC}") = "BIMCapabilities.Launchers.Revit.Tests", "tests\RevitLauncher.Tests\BIMCapabilities.Launchers.Revit.Tests.csproj", "{BEEEAE4A-F39E-4951-B336-017E05A29D1A}"
EndProject
Project("{2150E333-8FDC-42A3-9474-1A3956D46DE8}") = "Composition", "Composition", "{9A8133AE-7B71-0367-2838-ED5AED99CE26}"
EndProject
Project("{FAE04EC0-301F-11D3-BF4B-00C04F79EFBC}") = "BIMCapabilities.Composition", "src\Composition\BIMCapabilities.Composition.csproj", "{7FACD24C-5B7C-40F1-AEDB-CDAAB4D22F09}"
EndProject
Project("{FAE04EC0-301F-11D3-BF4B-00C04F79EFBC}") = "BIMCapabilities.Integration.Tests", "tests\Integration.Tests\BIMCapabilities.Integration.Tests.csproj", "{6C270F8B-42F3-41DF-9E6A-FF7AD3852AFF}"
EndProject
Project("{2150E333-8FDC-42A3-9474-1A3956D46DE8}") = "Generation", "Generation", "{7AE8D050-533A-731A-235A-7EF8BB7A9C04}"
EndProject
Project("{FAE04EC0-301F-11D3-BF4B-00C04F79EFBC}") = "BIMCapabilities.Generation", "src\Generation\BIMCapabilities.Generation.csproj", "{4B16DC8C-9C65-4B09-B11F-DE7BEE0F7B64}"
EndProject
Project("{2150E333-8FDC-42A3-9474-1A3956D46DE8}") = "Generation.Tests", "Generation.Tests", "{8EE28838-44F1-E0D4-F4C8-C753A12110B7}"
EndProject
Project("{FAE04EC0-301F-11D3-BF4B-00C04F79EFBC}") = "BIMCapabilities.Generation.Tests", "tests\Generation.Tests\BIMCapabilities.Generation.Tests.csproj", "{7A8FF78E-5624-431E-A992-B56DC113286D}"
EndProject
Global
	GlobalSection(SolutionConfigurationPlatforms) = preSolution
		Debug|Any CPU = Debug|Any CPU
		Debug|x64 = Debug|x64
		Debug|x86 = Debug|x86
		Release|Any CPU = Release|Any CPU
		Release|x64 = Release|x64
		Release|x86 = Release|x86
	EndGlobalSection
	GlobalSection(ProjectConfigurationPlatforms) = postSolution
		{5BEDD5ED-C5D6-4202-BF3F-825149C32797}.Debug|Any CPU.ActiveCfg = Debug|Any CPU
		{5BEDD5ED-C5D6-4202-BF3F-825149C32797}.Debug|Any CPU.Build.0 = Debug|Any CPU
		{5BEDD5ED-C5D6-4202-BF3F-825149C32797}.Debug|x64.ActiveCfg = Debug|Any CPU
		{5BEDD5ED-C5D6-4202-BF3F-825149C32797}.Debug|x64.Build.0 = Debug|Any CPU
		{5BEDD5ED-C5D6-4202-BF3F-825149C32797}.Debug|x86.ActiveCfg = Debug|Any CPU
		{5BEDD5ED-C5D6-4202-BF3F-825149C32797}.Debug|x86.Build.0 = Debug|Any CPU
		{5BEDD5ED-C5D6-4202-BF3F-825149C32797}.Release|Any CPU.ActiveCfg = Release|Any CPU
		{5BEDD5ED-C5D6-4202-BF3F-825149C32797}.Release|Any CPU.Build.0 = Release|Any CPU
		{5BEDD5ED-C5D6-4202-BF3F-825149C32797}.Release|x64.ActiveCfg = Release|Any CPU
		{5BEDD5ED-C5D6-4202-BF3F-825149C32797}.Release|x64.Build.0 = Release|Any CPU
		{5BEDD5ED-C5D6-4202-BF3F-825149C32797}.Release|x86.ActiveCfg = Release|Any CPU
		{5BEDD5ED-C5D6-4202-BF3F-825149C32797}.Release|x86.Build.0 = Release|Any CPU
		{5848F54E-10B7-4C27-9545-68EAD54D7BAE}.Debug|Any CPU.ActiveCfg = Debug|Any CPU
		{5848F54E-10B7-4C27-9545-68EAD54D7BAE}.Debug|Any CPU.Build.0 = Debug|Any CPU
		{5848F54E-10B7-4C27-9545-68EAD54D7BAE}.Debug|x64.ActiveCfg = Debug|Any CPU
		{5848F54E-10B7-4C27-9545-68EAD54D7BAE}.Debug|x64.Build.0 = Debug|Any CPU
		{5848F54E-10B7-4C27-9545-68EAD54D7BAE}.Debug|x86.ActiveCfg = Debug|Any CPU
		{5848F54E-10B7-4C27-9545-68EAD54D7BAE}.Debug|x86.Build.0 = Debug|Any CPU
		{5848F54E-10B7-4C27-9545-68EAD54D7BAE}.Release|Any CPU.ActiveCfg = Release|Any CPU
		{5848F54E-10B7-4C27-9545-68EAD54D7BAE}.Release|Any CPU.Build.0 = Release|Any CPU
		{5848F54E-10B7-4C27-9545-68EAD54D7BAE}.Release|x64.ActiveCfg = Release|Any CPU
		{5848F54E-10B7-4C27-9545-68EAD54D7BAE}.Release|x64.Build.0 = Release|Any CPU
		{5848F54E-10B7-4C27-9545-68EAD54D7BAE}.Release|x86.ActiveCfg = Release|Any CPU
		{5848F54E-10B7-4C27-9545-68EAD54D7BAE}.Release|x86.Build.0 = Release|Any CPU
		{25AF198C-5B47-40F7-9D8E-4246E408EE55}.Debug|Any CPU.ActiveCfg = Debug|Any CPU
		{25AF198C-5B47-40F7-9D8E-4246E408EE55}.Debug|Any CPU.Build.0 = Debug|Any CPU
		{25AF198C-5B47-40F7-9D8E-4246E408EE55}.Debug|x64.ActiveCfg = Debug|Any CPU
		{25AF198C-5B47-40F7-9D8E-4246E408EE55}.Debug|x64.Build.0 = Debug|Any CPU
		{25AF198C-5B47-40F7-9D8E-4246E408EE55}.Debug|x86.ActiveCfg = Debug|Any CPU
		{25AF198C-5B47-40F7-9D8E-4246E408EE55}.Debug|x86.Build.0 = Debug|Any CPU
		{25AF198C-5B47-40F7-9D8E-4246E408EE55}.Release|Any CPU.ActiveCfg = Release|Any CPU
		{25AF198C-5B47-40F7-9D8E-4246E408EE55}.Release|Any CPU.Build.0 = Release|Any CPU
		{25AF198C-5B47-40F7-9D8E-4246E408EE55}.Release|x64.ActiveCfg = Release|Any CPU
		{25AF198C-5B47-40F7-9D8E-4246E408EE55}.Release|x64.Build.0 = Release|Any CPU
		{25AF198C-5B47-40F7-9D8E-4246E408EE55}.Release|x86.ActiveCfg = Release|Any CPU
		{25AF198C-5B47-40F7-9D8E-4246E408EE55}.Release|x86.Build.0 = Release|Any CPU
		{232F324F-F1B9-45AD-BE07-F755902D5DFA}.Debug|Any CPU.ActiveCfg = Debug|Any CPU
		{232F324F-F1B9-45AD-BE07-F755902D5DFA}.Debug|Any CPU.Build.0 = Debug|Any CPU
		{232F324F-F1B9-45AD-BE07-F755902D5DFA}.Debug|x64.ActiveCfg = Debug|Any CPU
		{232F324F-F1B9-45AD-BE07-F755902D5DFA}.Debug|x64.Build.0 = Debug|Any CPU
		{232F324F-F1B9-45AD-BE07-F755902D5DFA}.Debug|x86.ActiveCfg = Debug|Any CPU
		{232F324F-F1B9-45AD-BE07-F755902D5DFA}.Debug|x86.Build.0 = Debug|Any CPU
		{232F324F-F1B9-45AD-BE07-F755902D5DFA}.Release|Any CPU.ActiveCfg = Release|Any CPU
		{232F324F-F1B9-45AD-BE07-F755902D5DFA}.Release|Any CPU.Build.0 = Release|Any CPU
		{232F324F-F1B9-45AD-BE07-F755902D5DFA}.Release|x64.ActiveCfg = Release|Any CPU
		{232F324F-F1B9-45AD-BE07-F755902D5DFA}.Release|x64.Build.0 = Release|Any CPU
		{232F324F-F1B9-45AD-BE07-F755902D5DFA}.Release|x86.ActiveCfg = Release|Any CPU
		{232F324F-F1B9-45AD-BE07-F755902D5DFA}.Release|x86.Build.0 = Release|Any CPU
		{6B843CB5-F9A0-49EB-9FD4-6918EF28FB02}.Debug|Any CPU.ActiveCfg = Debug|Any CPU
		{6B843CB5-F9A0-49EB-9FD4-6918EF28FB02}.Debug|Any CPU.Build.0 = Debug|Any CPU
		{6B843CB5-F9A0-49EB-9FD4-6918EF28FB02}.Debug|x64.ActiveCfg = Debug|Any CPU
		{6B843CB5-F9A0-49EB-9FD4-6918EF28FB02}.Debug|x64.Build.0 = Debug|Any CPU
		{6B843CB5-F9A0-49EB-9FD4-6918EF28FB02}.Debug|x86.ActiveCfg = Debug|Any CPU
		{6B843CB5-F9A0-49EB-9FD4-6918EF28FB02}.Debug|x86.Build.0 = Debug|Any CPU
		{6B843CB5-F9A0-49EB-9FD4-6918EF28FB02}.Release|Any CPU.ActiveCfg = Release|Any CPU
		{6B843CB5-F9A0-49EB-9FD4-6918EF28FB02}.Release|Any CPU.Build.0 = Release|Any CPU
		{6B843CB5-F9A0-49EB-9FD4-6918EF28FB02}.Release|x64.ActiveCfg = Release|Any CPU
		{6B843CB5-F9A0-49EB-9FD4-6918EF28FB02}.Release|x64.Build.0 = Release|Any CPU
		{6B843CB5-F9A0-49EB-9FD4-6918EF28FB02}.Release|x86.ActiveCfg = Release|Any CPU
		{6B843CB5-F9A0-49EB-9FD4-6918EF28FB02}.Release|x86.Build.0 = Release|Any CPU
		{2415AD35-A831-4ED9-8C05-6D476CB5B71E}.Debug|Any CPU.ActiveCfg = Debug|Any CPU
		{2415AD35-A831-4ED9-8C05-6D476CB5B71E}.Debug|Any CPU.Build.0 = Debug|Any CPU
		{2415AD35-A831-4ED9-8C05-6D476CB5B71E}.Debug|x64.ActiveCfg = Debug|Any CPU
		{2415AD35-A831-4ED9-8C05-6D476CB5B71E}.Debug|x64.Build.0 = Debug|Any CPU
		{2415AD35-A831-4ED9-8C05-6D476CB5B71E}.Debug|x86.ActiveCfg = Debug|Any CPU
		{2415AD35-A831-4ED9-8C05-6D476CB5B71E}.Debug|x86.Build.0 = Debug|Any CPU
		{2415AD35-A831-4ED9-8C05-6D476CB5B71E}.Release|Any CPU.ActiveCfg = Release|Any CPU
		{2415AD35-A831-4ED9-8C05-6D476CB5B71E}.Release|Any CPU.Build.0 = Release|Any CPU
		{2415AD35-A831-4ED9-8C05-6D476CB5B71E}.Release|x64.ActiveCfg = Release|Any CPU
		{2415AD35-A831-4ED9-8C05-6D476CB5B71E}.Release|x64.Build.0 = Release|Any CPU
		{2415AD35-A831-4ED9-8C05-6D476CB5B71E}.Release|x86.ActiveCfg = Release|Any CPU
		{2415AD35-A831-4ED9-8C05-6D476CB5B71E}.Release|x86.Build.0 = Release|Any CPU
		{087A0096-A57A-4D7B-83A6-F92ACD0C3242}.Debug|Any CPU.ActiveCfg = Debug|Any CPU
		{087A0096-A57A-4D7B-83A6-F92ACD0C3242}.Debug|Any CPU.Build.0 = Debug|Any CPU
		{087A0096-A57A-4D7B-83A6-F92ACD0C3242}.Debug|x64.ActiveCfg = Debug|Any CPU
		{087A0096-A57A-4D7B-83A6-F92ACD0C3242}.Debug|x64.Build.0 = Debug|Any CPU
		{087A0096-A57A-4D7B-83A6-F92ACD0C3242}.Debug|x86.ActiveCfg = Debug|Any CPU
		{087A0096-A57A-4D7B-83A6-F92ACD0C3242}.Debug|x86.Build.0 = Debug|Any CPU
		{087A0096-A57A-4D7B-83A6-F92ACD0C3242}.Release|Any CPU.ActiveCfg = Release|Any CPU
		{087A0096-A57A-4D7B-83A6-F92ACD0C3242}.Release|Any CPU.Build.0 = Release|Any CPU
		{087A0096-A57A-4D7B-83A6-F92ACD0C3242}.Release|x64.ActiveCfg = Release|Any CPU
		{087A0096-A57A-4D7B-83A6-F92ACD0C3242}.Release|x64.Build.0 = Release|Any CPU
		{087A0096-A57A-4D7B-83A6-F92ACD0C3242}.Release|x86.ActiveCfg = Release|Any CPU
		{087A0096-A57A-4D7B-83A6-F92ACD0C3242}.Release|x86.Build.0 = Release|Any CPU
		{0E12442A-AC57-4277-BB96-D1EBC045FCA0}.Debug|Any CPU.ActiveCfg = Debug|Any CPU
		{0E12442A-AC57-4277-BB96-D1EBC045FCA0}.Debug|Any CPU.Build.0 = Debug|Any CPU
		{0E12442A-AC57-4277-BB96-D1EBC045FCA0}.Debug|x64.ActiveCfg = Debug|Any CPU
		{0E12442A-AC57-4277-BB96-D1EBC045FCA0}.Debug|x64.Build.0 = Debug|Any CPU
		{0E12442A-AC57-4277-BB96-D1EBC045FCA0}.Debug|x86.ActiveCfg = Debug|Any CPU
		{0E12442A-AC57-4277-BB96-D1EBC045FCA0}.Debug|x86.Build.0 = Debug|Any CPU
		{0E12442A-AC57-4277-BB96-D1EBC045FCA0}.Release|Any CPU.ActiveCfg = Release|Any CPU
		{0E12442A-AC57-4277-BB96-D1EBC045FCA0}.Release|Any CPU.Build.0 = Release|Any CPU
		{0E12442A-AC57-4277-BB96-D1EBC045FCA0}.Release|x64.ActiveCfg = Release|Any CPU
		{0E12442A-AC57-4277-BB96-D1EBC045FCA0}.Release|x64.Build.0 = Release|Any CPU
		{0E12442A-AC57-4277-BB96-D1EBC045FCA0}.Release|x86.ActiveCfg = Release|Any CPU
		{0E12442A-AC57-4277-BB96-D1EBC045FCA0}.Release|x86.Build.0 = Release|Any CPU
		{38445A6A-F254-43C2-80B2-D4226378D174}.Debug|Any CPU.ActiveCfg = Debug|Any CPU
		{38445A6A-F254-43C2-80B2-D4226378D174}.Debug|Any CPU.Build.0 = Debug|Any CPU
		{38445A6A-F254-43C2-80B2-D4226378D174}.Debug|x64.ActiveCfg = Debug|Any CPU
		{38445A6A-F254-43C2-80B2-D4226378D174}.Debug|x64.Build.0 = Debug|Any CPU
		{38445A6A-F254-43C2-80B2-D4226378D174}.Debug|x86.ActiveCfg = Debug|Any CPU
		{38445A6A-F254-43C2-80B2-D4226378D174}.Debug|x86.Build.0 = Debug|Any CPU
		{38445A6A-F254-43C2-80B2-D4226378D174}.Release|Any CPU.ActiveCfg = Release|Any CPU
		{38445A6A-F254-43C2-80B2-D4226378D174}.Release|Any CPU.Build.0 = Release|Any CPU
		{38445A6A-F254-43C2-80B2-D4226378D174}.Release|x64.ActiveCfg = Release|Any CPU
		{38445A6A-F254-43C2-80B2-D4226378D174}.Release|x64.Build.0 = Release|Any CPU
		{38445A6A-F254-43C2-80B2-D4226378D174}.Release|x86.ActiveCfg = Release|Any CPU
		{38445A6A-F254-43C2-80B2-D4226378D174}.Release|x86.Build.0 = Release|Any CPU
		{A03E1ED3-035A-44B4-9942-8A829BC9F51E}.Debug|Any CPU.ActiveCfg = Debug|Any CPU
		{A03E1ED3-035A-44B4-9942-8A829BC9F51E}.Debug|Any CPU.Build.0 = Debug|Any CPU
		{A03E1ED3-035A-44B4-9942-8A829BC9F51E}.Debug|x64.ActiveCfg = Debug|Any CPU
		{A03E1ED3-035A-44B4-9942-8A829BC9F51E}.Debug|x64.Build.0 = Debug|Any CPU
		{A03E1ED3-035A-44B4-9942-8A829BC9F51E}.Debug|x86.ActiveCfg = Debug|Any CPU
		{A03E1ED3-035A-44B4-9942-8A829BC9F51E}.Debug|x86.Build.0 = Debug|Any CPU
		{A03E1ED3-035A-44B4-9942-8A829BC9F51E}.Release|Any CPU.ActiveCfg = Release|Any CPU
		{A03E1ED3-035A-44B4-9942-8A829BC9F51E}.Release|Any CPU.Build.0 = Release|Any CPU
		{A03E1ED3-035A-44B4-9942-8A829BC9F51E}.Release|x64.ActiveCfg = Release|Any CPU
		{A03E1ED3-035A-44B4-9942-8A829BC9F51E}.Release|x64.Build.0 = Release|Any CPU
		{A03E1ED3-035A-44B4-9942-8A829BC9F51E}.Release|x86.ActiveCfg = Release|Any CPU
		{A03E1ED3-035A-44B4-9942-8A829BC9F51E}.Release|x86.Build.0 = Release|Any CPU
		{800CBEEB-3160-4B83-84D6-FCD1448A4496}.Debug|Any CPU.ActiveCfg = Debug|Any CPU
		{800CBEEB-3160-4B83-84D6-FCD1448A4496}.Debug|Any CPU.Build.0 = Debug|Any CPU
		{800CBEEB-3160-4B83-84D6-FCD1448A4496}.Debug|x64.ActiveCfg = Debug|Any CPU
		{800CBEEB-3160-4B83-84D6-FCD1448A4496}.Debug|x64.Build.0 = Debug|Any CPU
		{800CBEEB-3160-4B83-84D6-FCD1448A4496}.Debug|x86.ActiveCfg = Debug|Any CPU
		{800CBEEB-3160-4B83-84D6-FCD1448A4496}.Debug|x86.Build.0 = Debug|Any CPU
		{800CBEEB-3160-4B83-84D6-FCD1448A4496}.Release|Any CPU.ActiveCfg = Release|Any CPU
		{800CBEEB-3160-4B83-84D6-FCD1448A4496}.Release|Any CPU.Build.0 = Release|Any CPU
		{800CBEEB-3160-4B83-84D6-FCD1448A4496}.Release|x64.ActiveCfg = Release|Any CPU
		{800CBEEB-3160-4B83-84D6-FCD1448A4496}.Release|x64.Build.0 = Release|Any CPU
		{800CBEEB-3160-4B83-84D6-FCD1448A4496}.Release|x86.ActiveCfg = Release|Any CPU
		{800CBEEB-3160-4B83-84D6-FCD1448A4496}.Release|x86.Build.0 = Release|Any CPU
		{B2073F53-A2B6-40B4-B7A9-F7F69134C1DB}.Debug|Any CPU.ActiveCfg = Debug|Any CPU
		{B2073F53-A2B6-40B4-B7A9-F7F69134C1DB}.Debug|Any CPU.Build.0 = Debug|Any CPU
		{B2073F53-A2B6-40B4-B7A9-F7F69134C1DB}.Debug|x64.ActiveCfg = Debug|Any CPU
		{B2073F53-A2B6-40B4-B7A9-F7F69134C1DB}.Debug|x64.Build.0 = Debug|Any CPU
		{B2073F53-A2B6-40B4-B7A9-F7F69134C1DB}.Debug|x86.ActiveCfg = Debug|Any CPU
		{B2073F53-A2B6-40B4-B7A9-F7F69134C1DB}.Debug|x86.Build.0 = Debug|Any CPU
		{B2073F53-A2B6-40B4-B7A9-F7F69134C1DB}.Release|Any CPU.ActiveCfg = Release|Any CPU
		{B2073F53-A2B6-40B4-B7A9-F7F69134C1DB}.Release|Any CPU.Build.0 = Release|Any CPU
		{B2073F53-A2B6-40B4-B7A9-F7F69134C1DB}.Release|x64.ActiveCfg = Release|Any CPU
		{B2073F53-A2B6-40B4-B7A9-F7F69134C1DB}.Release|x64.Build.0 = Release|Any CPU
		{B2073F53-A2B6-40B4-B7A9-F7F69134C1DB}.Release|x86.ActiveCfg = Release|Any CPU
		{B2073F53-A2B6-40B4-B7A9-F7F69134C1DB}.Release|x86.Build.0 = Release|Any CPU
		{35FA9270-B116-4811-BDB2-F33928A4D6B2}.Debug|Any CPU.ActiveCfg = Debug|Any CPU
		{35FA9270-B116-4811-BDB2-F33928A4D6B2}.Debug|Any CPU.Build.0 = Debug|Any CPU
		{35FA9270-B116-4811-BDB2-F33928A4D6B2}.Debug|x64.ActiveCfg = Debug|Any CPU
		{35FA9270-B116-4811-BDB2-F33928A4D6B2}.Debug|x64.Build.0 = Debug|Any CPU
		{35FA9270-B116-4811-BDB2-F33928A4D6B2}.Debug|x86.ActiveCfg = Debug|Any CPU
		{35FA9270-B116-4811-BDB2-F33928A4D6B2}.Debug|x86.Build.0 = Debug|Any CPU
		{35FA9270-B116-4811-BDB2-F33928A4D6B2}.Release|Any CPU.ActiveCfg = Release|Any CPU
		{35FA9270-B116-4811-BDB2-F33928A4D6B2}.Release|Any CPU.Build.0 = Release|Any CPU
		{35FA9270-B116-4811-BDB2-F33928A4D6B2}.Release|x64.ActiveCfg = Release|Any CPU
		{35FA9270-B116-4811-BDB2-F33928A4D6B2}.Release|x64.Build.0 = Release|Any CPU
		{35FA9270-B116-4811-BDB2-F33928A4D6B2}.Release|x86.ActiveCfg = Release|Any CPU
		{35FA9270-B116-4811-BDB2-F33928A4D6B2}.Release|x86.Build.0 = Release|Any CPU
		{744CBB58-086B-47EA-9270-61947CF64E09}.Debug|Any CPU.ActiveCfg = Debug|Any CPU
		{744CBB58-086B-47EA-9270-61947CF64E09}.Debug|Any CPU.Build.0 = Debug|Any CPU
		{744CBB58-086B-47EA-9270-61947CF64E09}.Debug|x64.ActiveCfg = Debug|Any CPU
		{744CBB58-086B-47EA-9270-61947CF64E09}.Debug|x64.Build.0 = Debug|Any CPU
		{744CBB58-086B-47EA-9270-61947CF64E09}.Debug|x86.ActiveCfg = Debug|Any CPU
		{744CBB58-086B-47EA-9270-61947CF64E09}.Debug|x86.Build.0 = Debug|Any CPU
		{744CBB58-086B-47EA-9270-61947CF64E09}.Release|Any CPU.ActiveCfg = Release|Any CPU
		{744CBB58-086B-47EA-9270-61947CF64E09}.Release|Any CPU.Build.0 = Release|Any CPU
		{744CBB58-086B-47EA-9270-61947CF64E09}.Release|x64.ActiveCfg = Release|Any CPU
		{744CBB58-086B-47EA-9270-61947CF64E09}.Release|x64.Build.0 = Release|Any CPU
		{744CBB58-086B-47EA-9270-61947CF64E09}.Release|x86.ActiveCfg = Release|Any CPU
		{744CBB58-086B-47EA-9270-61947CF64E09}.Release|x86.Build.0 = Release|Any CPU
		{9EE9817A-C365-45B7-BBA6-9ACB1329E575}.Debug|Any CPU.ActiveCfg = Debug|Any CPU
		{9EE9817A-C365-45B7-BBA6-9ACB1329E575}.Debug|Any CPU.Build.0 = Debug|Any CPU
		{9EE9817A-C365-45B7-BBA6-9ACB1329E575}.Debug|x64.ActiveCfg = Debug|Any CPU
		{9EE9817A-C365-45B7-BBA6-9ACB1329E575}.Debug|x64.Build.0 = Debug|Any CPU
		{9EE9817A-C365-45B7-BBA6-9ACB1329E575}.Debug|x86.ActiveCfg = Debug|Any CPU
		{9EE9817A-C365-45B7-BBA6-9ACB1329E575}.Debug|x86.Build.0 = Debug|Any CPU
		{9EE9817A-C365-45B7-BBA6-9ACB1329E575}.Release|Any CPU.ActiveCfg = Release|Any CPU
		{9EE9817A-C365-45B7-BBA6-9ACB1329E575}.Release|Any CPU.Build.0 = Release|Any CPU
		{9EE9817A-C365-45B7-BBA6-9ACB1329E575}.Release|x64.ActiveCfg = Release|Any CPU
		{9EE9817A-C365-45B7-BBA6-9ACB1329E575}.Release|x64.Build.0 = Release|Any CPU
		{9EE9817A-C365-45B7-BBA6-9ACB1329E575}.Release|x86.ActiveCfg = Release|Any CPU
		{9EE9817A-C365-45B7-BBA6-9ACB1329E575}.Release|x86.Build.0 = Release|Any CPU
		{BEEEAE4A-F39E-4951-B336-017E05A29D1A}.Debug|Any CPU.ActiveCfg = Debug|Any CPU
		{BEEEAE4A-F39E-4951-B336-017E05A29D1A}.Debug|Any CPU.Build.0 = Debug|Any CPU
		{BEEEAE4A-F39E-4951-B336-017E05A29D1A}.Debug|x64.ActiveCfg = Debug|Any CPU
		{BEEEAE4A-F39E-4951-B336-017E05A29D1A}.Debug|x64.Build.0 = Debug|Any CPU
		{BEEEAE4A-F39E-4951-B336-017E05A29D1A}.Debug|x86.ActiveCfg = Debug|Any CPU
		{BEEEAE4A-F39E-4951-B336-017E05A29D1A}.Debug|x86.Build.0 = Debug|Any CPU
		{BEEEAE4A-F39E-4951-B336-017E05A29D1A}.Release|Any CPU.ActiveCfg = Release|Any CPU
		{BEEEAE4A-F39E-4951-B336-017E05A29D1A}.Release|Any CPU.Build.0 = Release|Any CPU
		{BEEEAE4A-F39E-4951-B336-017E05A29D1A}.Release|x64.ActiveCfg = Release|Any CPU
		{BEEEAE4A-F39E-4951-B336-017E05A29D1A}.Release|x64.Build.0 = Release|Any CPU
		{BEEEAE4A-F39E-4951-B336-017E05A29D1A}.Release|x86.ActiveCfg = Release|Any CPU
		{BEEEAE4A-F39E-4951-B336-017E05A29D1A}.Release|x86.Build.0 = Release|Any CPU
		{7FACD24C-5B7C-40F1-AEDB-CDAAB4D22F09}.Debug|Any CPU.ActiveCfg = Debug|Any CPU
		{7FACD24C-5B7C-40F1-AEDB-CDAAB4D22F09}.Debug|Any CPU.Build.0 = Debug|Any CPU
		{7FACD24C-5B7C-40F1-AEDB-CDAAB4D22F09}.Debug|x64.ActiveCfg = Debug|Any CPU
		{7FACD24C-5B7C-40F1-AEDB-CDAAB4D22F09}.Debug|x64.Build.0 = Debug|Any CPU
		{7FACD24C-5B7C-40F1-AEDB-CDAAB4D22F09}.Debug|x86.ActiveCfg = Debug|Any CPU
		{7FACD24C-5B7C-40F1-AEDB-CDAAB4D22F09}.Debug|x86.Build.0 = Debug|Any CPU
		{7FACD24C-5B7C-40F1-AEDB-CDAAB4D22F09}.Release|Any CPU.ActiveCfg = Release|Any CPU
		{7FACD24C-5B7C-40F1-AEDB-CDAAB4D22F09}.Release|Any CPU.Build.0 = Release|Any CPU
		{7FACD24C-5B7C-40F1-AEDB-CDAAB4D22F09}.Release|x64.ActiveCfg = Release|Any CPU
		{7FACD24C-5B7C-40F1-AEDB-CDAAB4D22F09}.Release|x64.Build.0 = Release|Any CPU
		{7FACD24C-5B7C-40F1-AEDB-CDAAB4D22F09}.Release|x86.ActiveCfg = Release|Any CPU
		{7FACD24C-5B7C-40F1-AEDB-CDAAB4D22F09}.Release|x86.Build.0 = Release|Any CPU
		{6C270F8B-42F3-41DF-9E6A-FF7AD3852AFF}.Debug|Any CPU.ActiveCfg = Debug|Any CPU
		{6C270F8B-42F3-41DF-9E6A-FF7AD3852AFF}.Debug|Any CPU.Build.0 = Debug|Any CPU
		{6C270F8B-42F3-41DF-9E6A-FF7AD3852AFF}.Debug|x64.ActiveCfg = Debug|Any CPU
		{6C270F8B-42F3-41DF-9E6A-FF7AD3852AFF}.Debug|x64.Build.0 = Debug|Any CPU
		{6C270F8B-42F3-41DF-9E6A-FF7AD3852AFF}.Debug|x86.ActiveCfg = Debug|Any CPU
		{6C270F8B-42F3-41DF-9E6A-FF7AD3852AFF}.Debug|x86.Build.0 = Debug|Any CPU
		{6C270F8B-42F3-41DF-9E6A-FF7AD3852AFF}.Release|Any CPU.ActiveCfg = Release|Any CPU
		{6C270F8B-42F3-41DF-9E6A-FF7AD3852AFF}.Release|Any CPU.Build.0 = Release|Any CPU
		{6C270F8B-42F3-41DF-9E6A-FF7AD3852AFF}.Release|x64.ActiveCfg = Release|Any CPU
		{6C270F8B-42F3-41DF-9E6A-FF7AD3852AFF}.Release|x64.Build.0 = Release|Any CPU
		{6C270F8B-42F3-41DF-9E6A-FF7AD3852AFF}.Release|x86.ActiveCfg = Release|Any CPU
		{6C270F8B-42F3-41DF-9E6A-FF7AD3852AFF}.Release|x86.Build.0 = Release|Any CPU
		{4B16DC8C-9C65-4B09-B11F-DE7BEE0F7B64}.Debug|Any CPU.ActiveCfg = Debug|Any CPU
		{4B16DC8C-9C65-4B09-B11F-DE7BEE0F7B64}.Debug|Any CPU.Build.0 = Debug|Any CPU
		{4B16DC8C-9C65-4B09-B11F-DE7BEE0F7B64}.Debug|x64.ActiveCfg = Debug|Any CPU
		{4B16DC8C-9C65-4B09-B11F-DE7BEE0F7B64}.Debug|x64.Build.0 = Debug|Any CPU
		{4B16DC8C-9C65-4B09-B11F-DE7BEE0F7B64}.Debug|x86.ActiveCfg = Debug|Any CPU
		{4B16DC8C-9C65-4B09-B11F-DE7BEE0F7B64}.Debug|x86.Build.0 = Debug|Any CPU
		{4B16DC8C-9C65-4B09-B11F-DE7BEE0F7B64}.Release|Any CPU.ActiveCfg = Release|Any CPU
		{4B16DC8C-9C65-4B09-B11F-DE7BEE0F7B64}.Release|Any CPU.Build.0 = Release|Any CPU
		{4B16DC8C-9C65-4B09-B11F-DE7BEE0F7B64}.Release|x64.ActiveCfg = Release|Any CPU
		{4B16DC8C-9C65-4B09-B11F-DE7BEE0F7B64}.Release|x64.Build.0 = Release|Any CPU
		{4B16DC8C-9C65-4B09-B11F-DE7BEE0F7B64}.Release|x86.ActiveCfg = Release|Any CPU
		{4B16DC8C-9C65-4B09-B11F-DE7BEE0F7B64}.Release|x86.Build.0 = Release|Any CPU
		{7A8FF78E-5624-431E-A992-B56DC113286D}.Debug|Any CPU.ActiveCfg = Debug|Any CPU
		{7A8FF78E-5624-431E-A992-B56DC113286D}.Debug|Any CPU.Build.0 = Debug|Any CPU
		{7A8FF78E-5624-431E-A992-B56DC113286D}.Debug|x64.ActiveCfg = Debug|Any CPU
		{7A8FF78E-5624-431E-A992-B56DC113286D}.Debug|x64.Build.0 = Debug|Any CPU
		{7A8FF78E-5624-431E-A992-B56DC113286D}.Debug|x86.ActiveCfg = Debug|Any CPU
		{7A8FF78E-5624-431E-A992-B56DC113286D}.Debug|x86.Build.0 = Debug|Any CPU
		{7A8FF78E-5624-431E-A992-B56DC113286D}.Release|Any CPU.ActiveCfg = Release|Any CPU
		{7A8FF78E-5624-431E-A992-B56DC113286D}.Release|Any CPU.Build.0 = Release|Any CPU
		{7A8FF78E-5624-431E-A992-B56DC113286D}.Release|x64.ActiveCfg = Release|Any CPU
		{7A8FF78E-5624-431E-A992-B56DC113286D}.Release|x64.Build.0 = Release|Any CPU
		{7A8FF78E-5624-431E-A992-B56DC113286D}.Release|x86.ActiveCfg = Release|Any CPU
		{7A8FF78E-5624-431E-A992-B56DC113286D}.Release|x86.Build.0 = Release|Any CPU
		{EFC8AF13-6C5A-4105-9080-CA2BAB59E593}.Debug|Any CPU.ActiveCfg = Debug|Any CPU
		{EFC8AF13-6C5A-4105-9080-CA2BAB59E593}.Debug|Any CPU.Build.0 = Debug|Any CPU
		{EFC8AF13-6C5A-4105-9080-CA2BAB59E593}.Debug|x64.ActiveCfg = Debug|Any CPU
		{EFC8AF13-6C5A-4105-9080-CA2BAB59E593}.Debug|x64.Build.0 = Debug|Any CPU
		{EFC8AF13-6C5A-4105-9080-CA2BAB59E593}.Debug|x86.ActiveCfg = Debug|Any CPU
		{EFC8AF13-6C5A-4105-9080-CA2BAB59E593}.Debug|x86.Build.0 = Debug|Any CPU
		{EFC8AF13-6C5A-4105-9080-CA2BAB59E593}.Release|Any CPU.ActiveCfg = Release|Any CPU
		{EFC8AF13-6C5A-4105-9080-CA2BAB59E593}.Release|Any CPU.Build.0 = Release|Any CPU
		{EFC8AF13-6C5A-4105-9080-CA2BAB59E593}.Release|x64.ActiveCfg = Release|Any CPU
		{EFC8AF13-6C5A-4105-9080-CA2BAB59E593}.Release|x64.Build.0 = Release|Any CPU
		{EFC8AF13-6C5A-4105-9080-CA2BAB59E593}.Release|x86.ActiveCfg = Release|Any CPU
		{EFC8AF13-6C5A-4105-9080-CA2BAB59E593}.Release|x86.Build.0 = Release|Any CPU
		{D20EC12B-8CB1-4AC5-9D6D-279654C43EE9}.Debug|Any CPU.ActiveCfg = Debug|Any CPU
		{D20EC12B-8CB1-4AC5-9D6D-279654C43EE9}.Debug|Any CPU.Build.0 = Debug|Any CPU
		{D20EC12B-8CB1-4AC5-9D6D-279654C43EE9}.Debug|x64.ActiveCfg = Debug|Any CPU
		{D20EC12B-8CB1-4AC5-9D6D-279654C43EE9}.Debug|x64.Build.0 = Debug|Any CPU
		{D20EC12B-8CB1-4AC5-9D6D-279654C43EE9}.Debug|x86.ActiveCfg = Debug|Any CPU
		{D20EC12B-8CB1-4AC5-9D6D-279654C43EE9}.Debug|x86.Build.0 = Debug|Any CPU
		{D20EC12B-8CB1-4AC5-9D6D-279654C43EE9}.Release|Any CPU.ActiveCfg = Release|Any CPU
		{D20EC12B-8CB1-4AC5-9D6D-279654C43EE9}.Release|Any CPU.Build.0 = Release|Any CPU
		{D20EC12B-8CB1-4AC5-9D6D-279654C43EE9}.Release|x64.ActiveCfg = Release|Any CPU
		{D20EC12B-8CB1-4AC5-9D6D-279654C43EE9}.Release|x64.Build.0 = Release|Any CPU
		{D20EC12B-8CB1-4AC5-9D6D-279654C43EE9}.Release|x86.ActiveCfg = Release|Any CPU
		{D20EC12B-8CB1-4AC5-9D6D-279654C43EE9}.Release|x86.Build.0 = Release|Any CPU
		{540004B5-EA82-49C3-B093-0D0364E3A491}.Debug|Any CPU.ActiveCfg = Debug|Any CPU
		{540004B5-EA82-49C3-B093-0D0364E3A491}.Debug|Any CPU.Build.0 = Debug|Any CPU
		{540004B5-EA82-49C3-B093-0D0364E3A491}.Debug|x64.ActiveCfg = Debug|Any CPU
		{540004B5-EA82-49C3-B093-0D0364E3A491}.Debug|x64.Build.0 = Debug|Any CPU
		{540004B5-EA82-49C3-B093-0D0364E3A491}.Debug|x86.ActiveCfg = Debug|Any CPU
		{540004B5-EA82-49C3-B093-0D0364E3A491}.Debug|x86.Build.0 = Debug|Any CPU
		{540004B5-EA82-49C3-B093-0D0364E3A491}.Release|Any CPU.ActiveCfg = Release|Any CPU
		{540004B5-EA82-49C3-B093-0D0364E3A491}.Release|Any CPU.Build.0 = Release|Any CPU
		{540004B5-EA82-49C3-B093-0D0364E3A491}.Release|x64.ActiveCfg = Release|Any CPU
		{540004B5-EA82-49C3-B093-0D0364E3A491}.Release|x64.Build.0 = Release|Any CPU
		{540004B5-EA82-49C3-B093-0D0364E3A491}.Release|x86.ActiveCfg = Release|Any CPU
		{540004B5-EA82-49C3-B093-0D0364E3A491}.Release|x86.Build.0 = Release|Any CPU
		{4E0B6C9F-7D8A-411D-9618-23A21730868E}.Debug|Any CPU.ActiveCfg = Debug|Any CPU
		{4E0B6C9F-7D8A-411D-9618-23A21730868E}.Debug|Any CPU.Build.0 = Debug|Any CPU
		{4E0B6C9F-7D8A-411D-9618-23A21730868E}.Debug|x64.ActiveCfg = Debug|Any CPU
		{4E0B6C9F-7D8A-411D-9618-23A21730868E}.Debug|x64.Build.0 = Debug|Any CPU
		{4E0B6C9F-7D8A-411D-9618-23A21730868E}.Debug|x86.ActiveCfg = Debug|Any CPU
		{4E0B6C9F-7D8A-411D-9618-23A21730868E}.Debug|x86.Build.0 = Debug|Any CPU
		{4E0B6C9F-7D8A-411D-9618-23A21730868E}.Release|Any CPU.ActiveCfg = Release|Any CPU
		{4E0B6C9F-7D8A-411D-9618-23A21730868E}.Release|Any CPU.Build.0 = Release|Any CPU
		{4E0B6C9F-7D8A-411D-9618-23A21730868E}.Release|x64.ActiveCfg = Release|Any CPU
		{4E0B6C9F-7D8A-411D-9618-23A21730868E}.Release|x64.Build.0 = Release|Any CPU
		{4E0B6C9F-7D8A-411D-9618-23A21730868E}.Release|x86.ActiveCfg = Release|Any CPU
		{4E0B6C9F-7D8A-411D-9618-23A21730868E}.Release|x86.Build.0 = Release|Any CPU
		{205ED39D-21AC-451A-BE79-E04EBF897970}.Debug|Any CPU.ActiveCfg = Debug|Any CPU
		{205ED39D-21AC-451A-BE79-E04EBF897970}.Debug|Any CPU.Build.0 = Debug|Any CPU
		{205ED39D-21AC-451A-BE79-E04EBF897970}.Debug|x64.ActiveCfg = Debug|Any CPU
		{205ED39D-21AC-451A-BE79-E04EBF897970}.Debug|x64.Build.0 = Debug|Any CPU
		{205ED39D-21AC-451A-BE79-E04EBF897970}.Debug|x86.ActiveCfg = Debug|Any CPU
		{205ED39D-21AC-451A-BE79-E04EBF897970}.Debug|x86.Build.0 = Debug|Any CPU
		{205ED39D-21AC-451A-BE79-E04EBF897970}.Release|Any CPU.ActiveCfg = Release|Any CPU
		{205ED39D-21AC-451A-BE79-E04EBF897970}.Release|Any CPU.Build.0 = Release|Any CPU
		{205ED39D-21AC-451A-BE79-E04EBF897970}.Release|x64.ActiveCfg = Release|Any CPU
		{205ED39D-21AC-451A-BE79-E04EBF897970}.Release|x64.Build.0 = Release|Any CPU
		{205ED39D-21AC-451A-BE79-E04EBF897970}.Release|x86.ActiveCfg = Release|Any CPU
		{205ED39D-21AC-451A-BE79-E04EBF897970}.Release|x86.Build.0 = Release|Any CPU
	EndGlobalSection
	GlobalSection(SolutionProperties) = preSolution
		HideSolutionNode = FALSE
	EndGlobalSection
	GlobalSection(NestedProjects) = preSolution
		{FFBE31B8-50B9-B415-22BC-2F92C97CADA3} = {827E0CD3-B72D-47B6-A68D-7590B98EB39B}
		{5BEDD5ED-C5D6-4202-BF3F-825149C32797} = {FFBE31B8-50B9-B415-22BC-2F92C97CADA3}
		{2474D5BD-06DB-9719-06A3-C25496F18574} = {0AB3BF05-4346-4AA6-1389-037BE0695223}
		{5848F54E-10B7-4C27-9545-68EAD54D7BAE} = {2474D5BD-06DB-9719-06A3-C25496F18574}
		{09108480-725A-3CF3-E626-E2F33F0A58E4} = {827E0CD3-B72D-47B6-A68D-7590B98EB39B}
		{25AF198C-5B47-40F7-9D8E-4246E408EE55} = {09108480-725A-3CF3-E626-E2F33F0A58E4}
		{FCEDAB3F-DDC9-1A48-6374-558DB6F0BE63} = {0AB3BF05-4346-4AA6-1389-037BE0695223}
		{232F324F-F1B9-45AD-BE07-F755902D5DFA} = {FCEDAB3F-DDC9-1A48-6374-558DB6F0BE63}
		{FAA8119B-AA7A-1BC1-126F-7760766D0C16} = {827E0CD3-B72D-47B6-A68D-7590B98EB39B}
		{4A783467-5FAF-DD29-6F2D-03AA0F138F88} = {FAA8119B-AA7A-1BC1-126F-7760766D0C16}
		{6B843CB5-F9A0-49EB-9FD4-6918EF28FB02} = {4A783467-5FAF-DD29-6F2D-03AA0F138F88}
		{D3E08AA8-83AB-5C00-237A-9190D797DF4F} = {FAA8119B-AA7A-1BC1-126F-7760766D0C16}
		{2415AD35-A831-4ED9-8C05-6D476CB5B71E} = {D3E08AA8-83AB-5C00-237A-9190D797DF4F}
		{65154185-F376-6713-81E2-682945FF803C} = {FAA8119B-AA7A-1BC1-126F-7760766D0C16}
		{087A0096-A57A-4D7B-83A6-F92ACD0C3242} = {65154185-F376-6713-81E2-682945FF803C}
		{DD22D838-17E5-B3E3-F071-C1F9BC491FB0} = {FAA8119B-AA7A-1BC1-126F-7760766D0C16}
		{0E12442A-AC57-4277-BB96-D1EBC045FCA0} = {DD22D838-17E5-B3E3-F071-C1F9BC491FB0}
		{B64EC23B-C0A7-A67B-B088-334C283B3C16} = {0AB3BF05-4346-4AA6-1389-037BE0695223}
		{38445A6A-F254-43C2-80B2-D4226378D174} = {B64EC23B-C0A7-A67B-B088-334C283B3C16}
		{C645EB9F-1E05-1393-1733-CD892A37784D} = {0AB3BF05-4346-4AA6-1389-037BE0695223}
		{A03E1ED3-035A-44B4-9942-8A829BC9F51E} = {C645EB9F-1E05-1393-1733-CD892A37784D}
		{7A8EDE5E-150A-B561-7450-4CF675147C82} = {0AB3BF05-4346-4AA6-1389-037BE0695223}
		{800CBEEB-3160-4B83-84D6-FCD1448A4496} = {7A8EDE5E-150A-B561-7450-4CF675147C82}
		{D17E4A10-76D0-F154-6D29-32061A0327CA} = {0AB3BF05-4346-4AA6-1389-037BE0695223}
		{B2073F53-A2B6-40B4-B7A9-F7F69134C1DB} = {D17E4A10-76D0-F154-6D29-32061A0327CA}
		{3E9C3776-17C9-28DE-3735-A8B9F121C183} = {827E0CD3-B72D-47B6-A68D-7590B98EB39B}
		{10EA67E9-F538-8516-2EB4-74585D630E10} = {3E9C3776-17C9-28DE-3735-A8B9F121C183}
		{35FA9270-B116-4811-BDB2-F33928A4D6B2} = {10EA67E9-F538-8516-2EB4-74585D630E10}
		{A594B094-8FE1-976B-77E0-7CEA57BD47FE} = {0AB3BF05-4346-4AA6-1389-037BE0695223}
		{744CBB58-086B-47EA-9270-61947CF64E09} = {A594B094-8FE1-976B-77E0-7CEA57BD47FE}
		{9B9B23BA-E7B0-6B9D-5A25-24A88568ACD5} = {827E0CD3-B72D-47B6-A68D-7590B98EB39B}
		{B51D351A-6EB1-5559-79D8-986C2A2C697D} = {9B9B23BA-E7B0-6B9D-5A25-24A88568ACD5}
		{9EE9817A-C365-45B7-BBA6-9ACB1329E575} = {B51D351A-6EB1-5559-79D8-986C2A2C697D}
		{57E80F88-90CD-D2A7-E485-89A9E628E0C7} = {0AB3BF05-4346-4AA6-1389-037BE0695223}
		{BEEEAE4A-F39E-4951-B336-017E05A29D1A} = {57E80F88-90CD-D2A7-E485-89A9E628E0C7}
		{9A8133AE-7B71-0367-2838-ED5AED99CE26} = {827E0CD3-B72D-47B6-A68D-7590B98EB39B}
		{7FACD24C-5B7C-40F1-AEDB-CDAAB4D22F09} = {9A8133AE-7B71-0367-2838-ED5AED99CE26}
		{6C270F8B-42F3-41DF-9E6A-FF7AD3852AFF} = {9A8133AE-7B71-0367-2838-ED5AED99CE26}
		{7AE8D050-533A-731A-235A-7EF8BB7A9C04} = {827E0CD3-B72D-47B6-A68D-7590B98EB39B}
		{4B16DC8C-9C65-4B09-B11F-DE7BEE0F7B64} = {7AE8D050-533A-731A-235A-7EF8BB7A9C04}
		{8EE28838-44F1-E0D4-F4C8-C753A12110B7} = {0AB3BF05-4346-4AA6-1389-037BE0695223}
		{7A8FF78E-5624-431E-A992-B56DC113286D} = {8EE28838-44F1-E0D4-F4C8-C753A12110B7}
	EndGlobalSection
EndGlobal
